{
    "_meta": {
        "hash": {
            "sha256": "70b219e73d4bfd20f4b3aafa02f9ca96281e833aea391df2358f8ab533d7c93e"
        },
        "pipfile-spec": 6,
        "requires": {
            "python_version": "3.8"
        },
        "sources": [
            {
                "name": "pypi",
                "url": "https://pypi.org/simple",
                "verify_ssl": true
            }
        ]
    },
    "default": {
        "aniso8601": {
            "hashes": [
                "sha256:513d2b6637b7853806ae79ffaca6f3e8754bdd547048f5ccc1420aec4b714f1e",
                "sha256:d10a4bf949f619f719b227ef5386e31f49a2b6d453004b21f02661ccc8670c7b"
            ],
            "version": "==7.0.0"
        },
        "asgiref": {
            "hashes": [
                "sha256:7e06d934a7718bf3975acbf87780ba678957b87c7adc056f13b6215d610695a0",
                "sha256:ea448f92fc35a0ef4b1508f53a04c4670255a3f33d22a81c8fc9c872036adbe5"
            ],
            "version": "==3.2.3"
        },
        "django": {
            "hashes": [
                "sha256:4f2c913303be4f874015993420bf0bd8fd2097a9c88e6b49c6a92f9bdd3fb13a",
                "sha256:8c3575f81e11390893860d97e1e0154c47512f180ea55bd84ce8fa69ba8051ca"
            ],
            "index": "pypi",
            "version": "==3.0.2"
        },
        "django-cors-headers": {
            "hashes": [
                "sha256:a5960addecc04527ab26617e51b8ed42f0adab4594b24bb0f3c33e2bd3857c3f",
                "sha256:a785b5f446f6635810776d9f5f5d23e6a2a2f728ea982648370afaf0dfdf2627"
            ],
            "index": "pypi",
            "version": "==3.2.1"
        },
        "django-graphql-jwt": {
            "hashes": [
                "sha256:bcf0882a492e2148cba7cba3c39cf57834f736a2c289b66852239faf9b59b61e",
                "sha256:c9c611d98510b57146c21484478eae793249553af3766a593e8f25ce73d3255a"
            ],
            "index": "pypi",
            "version": "==0.3.0"
        },
        "graphene": {
            "hashes": [
                "sha256:09165f03e1591b76bf57b133482db9be6dac72c74b0a628d3c93182af9c5a896",
                "sha256:2cbe6d4ef15cfc7b7805e0760a0e5b80747161ce1b0f990dfdc0d2cf497c12f9"
            ],
            "version": "==2.1.8"
        },
        "graphene-django": {
            "hashes": [
                "sha256:85376ed02941f579849033c027cd8b1e31be72765b504a08706ccb9234ecdc26",
                "sha256:a290fc41a58ee61b43ff4b4885e866ef48bb8d66b0e7088fd8dc2bd677856e6a"
            ],
            "index": "pypi",
            "version": "==2.8.0"
        },
        "graphql-core": {
            "hashes": [
                "sha256:74a8f509ae8c4a58271f5d6b46d5c75b4aed116821ab62dea252d8041bfe057a",
                "sha256:c06e59153246dd48ddbf86ca94a8f045c1b71daf8154b4635e1a0e2e11d9b60b"
            ],
            "version": "==2.3.1"
        },
        "graphql-relay": {
            "hashes": [
                "sha256:870b6b5304123a38a0b215a79eace021acce5a466bf40cd39fa18cb8528afabb",
                "sha256:ac514cb86db9a43014d7e73511d521137ac12cf0101b2eaa5f0a3da2e10d913d"
            ],
            "version": "==2.0.1"
        },
        "promise": {
            "hashes": [
                "sha256:dfd18337c523ba4b6a58801c164c1904a9d4d1b1747c7d5dbf45b693a49d93d0"
            ],
            "version": "==2.3"
        },
        "pyjwt": {
            "hashes": [
                "sha256:5c6eca3c2940464d106b99ba83b00c6add741c9becaec087fb7ccdefea71350e",
                "sha256:8d59a976fb773f3e6a39c85636357c4f0e242707394cadadd9814f5cbaa20e96"
            ],
            "version": "==1.7.1"
        },
        "pytz": {
            "hashes": [
                "sha256:1c557d7d0e871de1f5ccd5833f60fb2550652da6be2693c1e02300743d21500d",
                "sha256:b02c06db6cf09c12dd25137e563b31700d3b80fcc4ad23abb7a315f2789819be"
            ],
            "version": "==2019.3"
        },
        "rx": {
            "hashes": [
                "sha256:13a1d8d9e252625c173dc795471e614eadfe1cf40ffc684e08b8fff0d9748c23",
                "sha256:7357592bc7e881a95e0c2013b73326f704953301ab551fbc8133a6fadab84105"
            ],
            "version": "==1.6.1"
        },
        "singledispatch": {
            "hashes": [
                "sha256:5b06af87df13818d14f08a028e42f566640aef80805c3b50c5056b086e3c2b9c",
                "sha256:833b46966687b3de7f438c761ac475213e53b306740f1abfaa86e1d1aae56aa8"
            ],
            "version": "==3.4.0.3"
        },
        "six": {
            "hashes": [
                "sha256:236bdbdce46e6e6a3d61a337c0f8b763ca1e8717c03b369e87a7ec7ce1319c0a",
                "sha256:8f3cd2e254d8f793e7f3d6d9df77b92252b52637291d0f0da013c76ea2724b6c"
            ],
            "version": "==1.14.0"
        },
        "sqlparse": {
            "hashes": [
                "sha256:40afe6b8d4b1117e7dff5504d7a8ce07d9a1b15aeeade8a2d10f130a834f8177",
                "sha256:7c3dca29c022744e95b547e867cee89f4fce4373f3549ccd8797d8eb52cdb873"
            ],
            "version": "==0.3.0"
        }
    },
    "develop": {
        "autopep8": {
            "hashes": [
                "sha256:0f592a0447acea0c2b0a9602be1e4e3d86db52badd2e3c84f0193bfd89fd3a43"
            ],
            "index": "pypi",
            "version": "==1.5"
        },
        "pycodestyle": {
            "hashes": [
                "sha256:95a2219d12372f05704562a14ec30bc76b05a5b297b21a5dfe3f6fac3491ae56",
                "sha256:e40a936c9a450ad81df37f549d676d127b1b66000a6c500caa2b085bc0ca976c"
            ],
            "version": "==2.5.0"
        }
    }
}
